// !$*UTF8*$!
{
	archiveVersion = 1;
	classes = {
	};
	objectVersion = 56;
	objects = {

/* Begin PBXBuildFile section */
		DFB009022BCA810300907C36 /* sliderPage.swift in Sources */ = {isa = PBXBuildFile; fileRef = DFB009012BCA810300907C36 /* sliderPage.swift */; };
		DFC857882BC542580022F332 /* BlackCofferApp.swift in Sources */ = {isa = PBXBuildFile; fileRef = DFC857872BC542580022F332 /* BlackCofferApp.swift */; };
		DFC8578A2BC542580022F332 /* ContentView.swift in Sources */ = {isa = PBXBuildFile; fileRef = DFC857892BC542580022F332 /* ContentView.swift */; };
		DFC8578C2BC542590022F332 /* Assets.xcassets in Resources */ = {isa = PBXBuildFile; fileRef = DFC8578B2BC542590022F332 /* Assets.xcassets */; };
		DFC857902BC542590022F332 /* Preview Assets.xcassets in Resources */ = {isa = PBXBuildFile; fileRef = DFC8578F2BC542590022F332 /* Preview Assets.xcassets */; };
		DFC8579A2BC542590022F332 /* BlackCofferTests.swift in Sources */ = {isa = PBXBuildFile; fileRef = DFC857992BC542590022F332 /* BlackCofferTests.swift */; };
		DFC857A42BC542590022F332 /* BlackCofferUITests.swift in Sources */ = {isa = PBXBuildFile; fileRef = DFC857A32BC542590022F332 /* BlackCofferUITests.swift */; };
		DFC857A62BC542590022F332 /* BlackCofferUITestsLaunchTests.swift in Sources */ = {isa = PBXBuildFile; fileRef = DFC857A52BC542590022F332 /* BlackCofferUITestsLaunchTests.swift */; };
		DFC857B32BC542D60022F332 /* explorePage.swift in Sources */ = {isa = PBXBuildFile; fileRef = DFC857B22BC542D60022F332 /* explorePage.swift */; };
		DFC857B52BC542E60022F332 /* refinePage.swift in Sources */ = {isa = PBXBuildFile; fileRef = DFC857B42BC542E60022F332 /* refinePage.swift */; };
		DFC857B72BC54AA80022F332 /* Homepage.swift in Sources */ = {isa = PBXBuildFile; fileRef = DFC857B62BC54AA80022F332 /* Homepage.swift */; };
		DFC857B92BC54B520022F332 /* NetworkPage.swift in Sources */ = {isa = PBXBuildFile; fileRef = DFC857B82BC54B520022F332 /* NetworkPage.swift */; };
		DFC857BB2BC54B5E0022F332 /* chatPage.swift in Sources */ = {isa = PBXBuildFile; fileRef = DFC857BA2BC54B5E0022F332 /* chatPage.swift */; };
		DFC857BD2BC54B670022F332 /* contactPage.swift in Sources */ = {isa = PBXBuildFile; fileRef = DFC857BC2BC54B670022F332 /* contactPage.swift */; };
/* End PBXBuildFile section */

/* Begin PBXContainerItemProxy section */
		DFC857962BC542590022F332 /* PBXContainerItemProxy */ = {
			isa = PBXContainerItemProxy;
			containerPortal = DFC8577C2BC542580022F332 /* Project object */;
			proxyType = 1;
			remoteGlobalIDString = DFC857832BC542580022F332;
			remoteInfo = BlackCoffer;
		};
		DFC857A02BC542590022F332 /* PBXContainerItemProxy */ = {
			isa = PBXContainerItemProxy;
			containerPortal = DFC8577C2BC542580022F332 /* Project object */;
			proxyType = 1;
			remoteGlobalIDString = DFC857832BC542580022F332;
			remoteInfo = BlackCoffer;
		};
/* End PBXContainerItemProxy section */

/* Begin PBXFileReference section */
		DFB009012BCA810300907C36 /* sliderPage.swift */ = {isa = PBXFileReference; lastKnownFileType = sourcecode.swift; path = sliderPage.swift; sourceTree = "<group>"; };
		DFC857842BC542580022F332 /* BlackCoffer.app */ = {isa = PBXFileReference; explicitFileType = wrapper.application; includeInIndex = 0; path = BlackCoffer.app; sourceTree = BUILT_PRODUCTS_DIR; };
		DFC857872BC542580022F332 /* BlackCofferApp.swift */ = {isa = PBXFileReference; lastKnownFileType = sourcecode.swift; path = BlackCofferApp.swift; sourceTree = "<group>"; };
		DFC857892BC542580022F332 /* ContentView.swift */ = {isa = PBXFileReference; lastKnownFileType = sourcecode.swift; path = ContentView.swift; sourceTree = "<group>"; };
		DFC8578B2BC542590022F332 /* Assets.xcassets */ = {isa = PBXFileReference; lastKnownFileType = folder.assetcatalog; path = Assets.xcassets; sourceTree = "<group>"; };
		DFC8578D2BC542590022F332 /* BlackCoffer.entitlements */ = {isa = PBXFileReference; lastKnownFileType = text.plist.entitlements; path = BlackCoffer.entitlements; sourceTree = "<group>"; };
		DFC8578F2BC542590022F332 /* Preview Assets.xcassets */ = {isa = PBXFileReference; lastKnownFileType = folder.assetcatalog; path = "Preview Assets.xcassets"; sourceTree = "<group>"; };
		DFC857952BC542590022F332 /* BlackCofferTests.xctest */ = {isa = PBXFileReference; explicitFileType = wrapper.cfbundle; includeInIndex = 0; path = BlackCofferTests.xctest; sourceTree = BUILT_PRODUCTS_DIR; };
		DFC857992BC542590022F332 /* BlackCofferTests.swift */ = {isa = PBXFileReference; lastKnownFileType = sourcecode.swift; path = BlackCofferTests.swift; sourceTree = "<group>"; };
		DFC8579F2BC542590022F332 /* BlackCofferUITests.xctest */ = {isa = PBXFileReference; explicitFileType = wrapper.cfbundle; includeInIndex = 0; path = BlackCofferUITests.xctest; sourceTree = BUILT_PRODUCTS_DIR; };
		DFC857A32BC542590022F332 /* BlackCofferUITests.swift */ = {isa = PBXFileReference; lastKnownFileType = sourcecode.swift; path = BlackCofferUITests.swift; sourceTree = "<group>"; };
		DFC857A52BC542590022F332 /* BlackCofferUITestsLaunchTests.swift */ = {isa = PBXFileReference; lastKnownFileType = sourcecode.swift; path = BlackCofferUITestsLaunchTests.swift; sourceTree = "<group>"; };
		DFC857B22BC542D60022F332 /* explorePage.swift */ = {isa = PBXFileReference; lastKnownFileType = sourcecode.swift; path = explorePage.swift; sourceTree = "<group>"; };
		DFC857B42BC542E60022F332 /* refinePage.swift */ = {isa = PBXFileReference; lastKnownFileType = sourcecode.swift; path = refinePage.swift; sourceTree = "<group>"; };
		DFC857B62BC54AA80022F332 /* Homepage.swift */ = {isa = PBXFileReference; lastKnownFileType = sourcecode.swift; path = Homepage.swift; sourceTree = "<group>"; };
		DFC857B82BC54B520022F332 /* NetworkPage.swift */ = {isa = PBXFileReference; lastKnownFileType = sourcecode.swift; path = NetworkPage.swift; sourceTree = "<group>"; };
		DFC857BA2BC54B5E0022F332 /* chatPage.swift */ = {isa = PBXFileReference; lastKnownFileType = sourcecode.swift; path = chatPage.swift; sourceTree = "<group>"; };
		DFC857BC2BC54B670022F332 /* contactPage.swift */ = {isa = PBXFileReference; lastKnownFileType = sourcecode.swift; path = contactPage.swift; sourceTree = "<group>"; };
/* End PBXFileReference section */

/* Begin PBXFrameworksBuildPhase section */
		DFC857812BC542580022F332 /* Frameworks */ = {
			isa = PBXFrameworksBuildPhase;
			buildActionMask = 2147483647;
			files = (
			);
			runOnlyForDeploymentPostprocessing = 0;
		};
		DFC857922BC542590022F332 /* Frameworks */ = {
			isa = PBXFrameworksBuildPhase;
			buildActionMask = 2147483647;
			files = (
			);
			runOnlyForDeploymentPostprocessing = 0;
		};
		DFC8579C2BC542590022F332 /* Frameworks */ = {
			isa = PBXFrameworksBuildPhase;
			buildActionMask = 2147483647;
			files = (
			);
			runOnlyForDeploymentPostprocessing = 0;
		};
/* End PBXFrameworksBuildPhase section */

/* Begin PBXGroup section */
		DFC8577B2BC542580022F332 = {
			isa = PBXGroup;
			children = (
				DFC857862BC542580022F332 /* BlackCoffer */,
				DFC857982BC542590022F332 /* BlackCofferTests */,
				DFC857A22BC542590022F332 /* BlackCofferUITests */,
				DFC857852BC542580022F332 /* Products */,
			);
			sourceTree = "<group>";
		};
		DFC857852BC542580022F332 /* Products */ = {
			isa = PBXGroup;
			children = (
				DFC857842BC542580022F332 /* BlackCoffer.app */,
				DFC857952BC542590022F332 /* BlackCofferTests.xctest */,
				DFC8579F2BC542590022F332 /* BlackCofferUITests.xctest */,
			);
			name = Products;
			sourceTree = "<group>";
		};
		DFC857862BC542580022F332 /* BlackCoffer */ = {
			isa = PBXGroup;
			children = (
				DFC857872BC542580022F332 /* BlackCofferApp.swift */,
				DFC857892BC542580022F332 /* ContentView.swift */,
				DFC857B62BC54AA80022F332 /* Homepage.swift */,
				DFC857B22BC542D60022F332 /* explorePage.swift */,
				DFC857B82BC54B520022F332 /* NetworkPage.swift */,
				DFC857BA2BC54B5E0022F332 /* chatPage.swift */,
				DFC857BC2BC54B670022F332 /* contactPage.swift */,
				DFC857B42BC542E60022F332 /* refinePage.swift */,
				DFB009012BCA810300907C36 /* sliderPage.swift */,
				DFC8578B2BC542590022F332 /* Assets.xcassets */,
				DFC8578D2BC542590022F332 /* BlackCoffer.entitlements */,
				DFC8578E2BC542590022F332 /* Preview Content */,
			);
			path = BlackCoffer;
			sourceTree = "<group>";
		};
		DFC8578E2BC542590022F332 /* Preview Content */ = {
			isa = PBXGroup;
			children = (
				DFC8578F2BC542590022F332 /* Preview Assets.xcassets */,
			);
			path = "Preview Content";
			sourceTree = "<group>";
		};
		DFC857982BC542590022F332 /* BlackCofferTests */ = {
			isa = PBXGroup;
			children = (
				DFC857992BC542590022F332 /* BlackCofferTests.swift */,
			);
			path = BlackCofferTests;
			sourceTree = "<group>";
		};
		DFC857A22BC542590022F332 /* BlackCofferUITests */ = {
			isa = PBXGroup;
			children = (
				DFC857A32BC542590022F332 /* BlackCofferUITests.swift */,
				DFC857A52BC542590022F332 /* BlackCofferUITestsLaunchTests.swift */,
			);
			path = BlackCofferUITests;
			sourceTree = "<group>";
		};
/* End PBXGroup section */

/* Begin PBXNativeTarget section */
		DFC857832BC542580022F332 /* BlackCoffer */ = {
			isa = PBXNativeTarget;
			buildConfigurationList = DFC857A92BC542590022F332 /* Build configuration list for PBXNativeTarget "BlackCoffer" */;
			buildPhases = (
				DFC857802BC542580022F332 /* Sources */,
				DFC857812BC542580022F332 /* Frameworks */,
				DFC857822BC542580022F332 /* Resources */,
			);
			buildRules = (
			);
			dependencies = (
			);
			name = BlackCoffer;
			productName = BlackCoffer;
			productReference = DFC857842BC542580022F332 /* BlackCoffer.app */;
			productType = "com.apple.product-type.application";
		};
		DFC857942BC542590022F332 /* BlackCofferTests */ = {
			isa = PBXNativeTarget;
			buildConfigurationList = DFC857AC2BC542590022F332 /* Build configuration list for PBXNativeTarget "BlackCofferTests" */;
			buildPhases = (
				DFC857912BC542590022F332 /* Sources */,
				DFC857922BC542590022F332 /* Frameworks */,
				DFC857932BC542590022F332 /* Resources */,
			);
			buildRules = (
			);
			dependencies = (
				DFC857972BC542590022F332 /* PBXTargetDependency */,
			);
			name = BlackCofferTests;
			productName = BlackCofferTests;
			productReference = DFC857952BC542590022F332 /* BlackCofferTests.xctest */;
			productType = "com.apple.product-type.bundle.unit-test";
		};
		DFC8579E2BC542590022F332 /* BlackCofferUITests */ = {
			isa = PBXNativeTarget;
			buildConfigurationList = DFC857AF2BC542590022F332 /* Build configuration list for PBXNativeTarget "BlackCofferUITests" */;
			buildPhases = (
				DFC8579B2BC542590022F332 /* Sources */,
				DFC8579C2BC542590022F332 /* Frameworks */,
				DFC8579D2BC542590022F332 /* Resources */,
			);
			buildRules = (
			);
			dependencies = (
				DFC857A12BC542590022F332 /* PBXTargetDependency */,
			);
			name = BlackCofferUITests;
			productName = BlackCofferUITests;
			productReference = DFC8579F2BC542590022F332 /* BlackCofferUITests.xctest */;
			productType = "com.apple.product-type.bundle.ui-testing";
		};
/* End PBXNativeTarget section */

/* Begin PBXProject section */
		DFC8577C2BC542580022F332 /* Project object */ = {
			isa = PBXProject;
			attributes = {
				BuildIndependentTargetsInParallel = 1;
				LastSwiftUpdateCheck = 1530;
				LastUpgradeCheck = 1530;
				TargetAttributes = {
					DFC857832BC542580022F332 = {
						CreatedOnToolsVersion = 15.3;
					};
					DFC857942BC542590022F332 = {
						CreatedOnToolsVersion = 15.3;
						TestTargetID = DFC857832BC542580022F332;
					};
					DFC8579E2BC542590022F332 = {
						CreatedOnToolsVersion = 15.3;
						TestTargetID = DFC857832BC542580022F332;
					};
				};
			};
			buildConfigurationList = DFC8577F2BC542580022F332 /* Build configuration list for PBXProject "BlackCoffer" */;
			compatibilityVersion = "Xcode 14.0";
			developmentRegion = en;
			hasScannedForEncodings = 0;
			knownRegions = (
				en,
				Base,
			);
			mainGroup = DFC8577B2BC542580022F332;
			productRefGroup = DFC857852BC542580022F332 /* Products */;
			projectDirPath = "";
			projectRoot = "";
			targets = (
				DFC857832BC542580022F332 /* BlackCoffer */,
				DFC857942BC542590022F332 /* BlackCofferTests */,
				DFC8579E2BC542590022F332 /* BlackCofferUITests */,
			);
		};
/* End PBXProject section */

/* Begin PBXResourcesBuildPhase section */
		DFC857822BC542580022F332 /* Resources */ = {
			isa = PBXResourcesBuildPhase;
			buildActionMask = 2147483647;
			files = (
				DFC857902BC542590022F332 /* Preview Assets.xcassets in Resources */,
				DFC8578C2BC542590022F332 /* Assets.xcassets in Resources */,
			);
			runOnlyForDeploymentPostprocessing = 0;
		};
		DFC857932BC542590022F332 /* Resources */ = {
			isa = PBXResourcesBuildPhase;
			buildActionMask = 2147483647;
			files = (
			);
			runOnlyForDeploymentPostprocessing = 0;
		};
		DFC8579D2BC542590022F332 /* Resources */ = {
			isa = PBXResourcesBuildPhase;
			buildActionMask = 2147483647;
			files = (
			);
			runOnlyForDeploymentPostprocessing = 0;
		};
/* End PBXResourcesBuildPhase section */

/* Begin PBXSourcesBuildPhase section */
		DFC857802BC542580022F332 /* Sources */ = {
			isa = PBXSourcesBuildPhase;
			buildActionMask = 2147483647;
			files = (
				DFC857B32BC542D60022F332 /* explorePage.swift in Sources */,
				DFC857B92BC54B520022F332 /* NetworkPage.swift in Sources */,
				DFC857BB2BC54B5E0022F332 /* chatPage.swift in Sources */,
				DFB009022BCA810300907C36 /* sliderPage.swift in Sources */,
				DFC857B52BC542E60022F332 /* refinePage.swift in Sources */,
				DFC8578A2BC542580022F332 /* ContentView.swift in Sources */,
				DFC857BD2BC54B670022F332 /* contactPage.swift in Sources */,
				DFC857B72BC54AA80022F332 /* Homepage.swift in Sources */,
				DFC857882BC542580022F332 /* BlackCofferApp.swift in Sources */,
			);
			runOnlyForDeploymentPostprocessing = 0;
		};
		DFC857912BC542590022F332 /* Sources */ = {
			isa = PBXSourcesBuildPhase;
			buildActionMask = 2147483647;
			files = (
				DFC8579A2BC542590022F332 /* BlackCofferTests.swift in Sources */,
			);
			runOnlyForDeploymentPostprocessing = 0;
		};
		DFC8579B2BC542590022F332 /* Sources */ = {
			isa = PBXSourcesBuildPhase;
			buildActionMask = 2147483647;
			files = (
				DFC857A42BC542590022F332 /* BlackCofferUITests.swift in Sources */,
				DFC857A62BC542590022F332 /* BlackCofferUITestsLaunchTests.swift in Sources */,
			);
			runOnlyForDeploymentPostprocessing = 0;
		};
/* End PBXSourcesBuildPhase section */

/* Begin PBXTargetDependency section */
		DFC857972BC542590022F332 /* PBXTargetDependency */ = {
			isa = PBXTargetDependency;
			target = DFC857832BC542580022F332 /* BlackCoffer */;
			targetProxy = DFC857962BC542590022F332 /* PBXContainerItemProxy */;
		};
		DFC857A12BC542590022F332 /* PBXTargetDependency */ = {
			isa = PBXTargetDependency;
			target = DFC857832BC542580022F332 /* BlackCoffer */;
			targetProxy = DFC857A02BC542590022F332 /* PBXContainerItemProxy */;
		};
/* End PBXTargetDependency section */

/* Begin XCBuildConfiguration section */
		DFC857A72BC542590022F332 /* Debug */ = {
			isa = XCBuildConfiguration;
			buildSettings = {
				ALWAYS_SEARCH_USER_PATHS = NO;
				ASSETCATALOG_COMPILER_GENERATE_SWIFT_ASSET_SYMBOL_EXTENSIONS = YES;
				CLANG_ANALYZER_NONNULL = YES;
				CLANG_ANALYZER_NUMBER_OBJECT_CONVERSION = YES_AGGRESSIVE;
				CLANG_CXX_LANGUAGE_STANDARD = "gnu++20";
				CLANG_ENABLE_MODULES = YES;
				CLANG_ENABLE_OBJC_ARC = YES;
				CLANG_ENABLE_OBJC_WEAK = YES;
				CLANG_WARN_BLOCK_CAPTURE_AUTORELEASING = YES;
				CLANG_WARN_BOOL_CONVERSION = YES;
				CLANG_WARN_COMMA = YES;
				CLANG_WARN_CONSTANT_CONVERSION = YES;
				CLANG_WARN_DEPRECATED_OBJC_IMPLEMENTATIONS = YES;
				CLANG_WARN_DIRECT_OBJC_ISA_USAGE = YES_ERROR;
				CLANG_WARN_DOCUMENTATION_COMMENTS = YES;
				CLANG_WARN_EMPTY_BODY = YES;
				CLANG_WARN_ENUM_CONVERSION = YES;
				CLANG_WARN_INFINITE_RECURSION = YES;
				CLANG_WARN_INT_CONVERSION = YES;
				CLANG_WARN_NON_LITERAL_NULL_CONVERSION = YES;
				CLANG_WARN_OBJC_IMPLICIT_RETAIN_SELF = YES;
				CLANG_WARN_OBJC_LITERAL_CONVERSION = YES;
				CLANG_WARN_OBJC_ROOT_CLASS = YES_ERROR;
				CLANG_WARN_QUOTED_INCLUDE_IN_FRAMEWORK_HEADER = YES;
				CLANG_WARN_RANGE_LOOP_ANALYSIS = YES;
				CLANG_WARN_STRICT_PROTOTYPES = YES;
				CLANG_WARN_SUSPICIOUS_MOVE = YES;
				CLANG_WARN_UNGUARDED_AVAILABILITY = YES_AGGRESSIVE;
				CLANG_WARN_UNREACHABLE_CODE = YES;
				CLANG_WARN__DUPLICATE_METHOD_MATCH = YES;
				COPY_PHASE_STRIP = NO;
				DEBUG_INFORMATION_FORMAT = dwarf;
				ENABLE_STRICT_OBJC_MSGSEND = YES;
				ENABLE_TESTABILITY = YES;
				ENABLE_USER_SCRIPT_SANDBOXING = YES;
				GCC_C_LANGUAGE_STANDARD = gnu17;
				GCC_DYNAMIC_NO_PIC = NO;
				GCC_NO_COMMON_BLOCKS = YES;
				GCC_OPTIMIZATION_LEVEL = 0;
				GCC_PREPROCESSOR_DEFINITIONS = (
					"DEBUG=1",
					"$(inherited)",
				);
				GCC_WARN_64_TO_32_BIT_CONVERSION = YES;
				GCC_WARN_ABOUT_RETURN_TYPE = YES_ERROR;
				GCC_WARN_UNDECLARED_SELECTOR = YES;
				GCC_WARN_UNINITIALIZED_AUTOS = YES_AGGRESSIVE;
				GCC_WARN_UNUSED_FUNCTION = YES;
				GCC_WARN_UNUSED_VARIABLE = YES;
				LOCALIZATION_PREFERS_STRING_CATALOGS = YES;
				MTL_ENABLE_DEBUG_INFO = INCLUDE_SOURCE;
				MTL_FAST_MATH = YES;
				ONLY_ACTIVE_ARCH = YES;
				SWIFT_ACTIVE_COMPILATION_CONDITIONS = "DEBUG $(inherited)";
				SWIFT_OPTIMIZATION_LEVEL = "-Onone";
			};
			name = Debug;
		};
		DFC857A82BC542590022F332 /* Release */ = {
			isa = XCBuildConfiguration;
			buildSettings = {
				ALWAYS_SEARCH_USER_PATHS = NO;
				ASSETCATALOG_COMPILER_GENERATE_SWIFT_ASSET_SYMBOL_EXTENSIONS = YES;
				CLANG_ANALYZER_NONNULL = YES;
				CLANG_ANALYZER_NUMBER_OBJECT_CONVERSION = YES_AGGRESSIVE;
				CLANG_CXX_LANGUAGE_STANDARD = "gnu++20";
				CLANG_ENABLE_MODULES = YES;
				CLANG_ENABLE_OBJC_ARC = YES;
				CLANG_ENABLE_OBJC_WEAK = YES;
				CLANG_WARN_BLOCK_CAPTURE_AUTORELEASING = YES;
				CLANG_WARN_BOOL_CONVERSION = YES;
				CLANG_WARN_COMMA = YES;
				CLANG_WARN_CONSTANT_CONVERSION = YES;
				CLANG_WARN_DEPRECATED_OBJC_IMPLEMENTATIONS = YES;
				CLANG_WARN_DIRECT_OBJC_ISA_USAGE = YES_ERROR;
				CLANG_WARN_DOCUMENTATION_COMMENTS = YES;
				CLANG_WARN_EMPTY_BODY = YES;
				CLANG_WARN_ENUM_CONVERSION = YES;
				CLANG_WARN_INFINITE_RECURSION = YES;
				CLANG_WARN_INT_CONVERSION = YES;
				CLANG_WARN_NON_LITERAL_NULL_CONVERSION = YES;
				CLANG_WARN_OBJC_IMPLICIT_RETAIN_SELF = YES;
				CLANG_WARN_OBJC_LITERAL_CONVERSION = YES;
				CLANG_WARN_OBJC_ROOT_CLASS = YES_ERROR;
				CLANG_WARN_QUOTED_INCLUDE_IN_FRAMEWORK_HEADER = YES;
				CLANG_WARN_RANGE_LOOP_ANALYSIS = YES;
				CLANG_WARN_STRICT_PROTOTYPES = YES;
				CLANG_WARN_SUSPICIOUS_MOVE = YES;
				CLANG_WARN_UNGUARDED_AVAILABILITY = YES_AGGRESSIVE;
				CLANG_WARN_UNREACHABLE_CODE = YES;
				CLANG_WARN__DUPLICATE_METHOD_MATCH = YES;
				COPY_PHASE_STRIP = NO;
				DEBUG_INFORMATION_FORMAT = "dwarf-with-dsym";
				ENABLE_NS_ASSERTIONS = NO;
				ENABLE_STRICT_OBJC_MSGSEND = YES;
				ENABLE_USER_SCRIPT_SANDBOXING = YES;
				GCC_C_LANGUAGE_STANDARD = gnu17;
				GCC_NO_COMMON_BLOCKS = YES;
				GCC_WARN_64_TO_32_BIT_CONVERSION = YES;
				GCC_WARN_ABOUT_RETURN_TYPE = YES_ERROR;
				GCC_WARN_UNDECLARED_SELECTOR = YES;
				GCC_WARN_UNINITIALIZED_AUTOS = YES_AGGRESSIVE;
				GCC_WARN_UNUSED_FUNCTION = YES;
				GCC_WARN_UNUSED_VARIABLE = YES;
				LOCALIZATION_PREFERS_STRING_CATALOGS = YES;
				MTL_ENABLE_DEBUG_INFO = NO;
				MTL_FAST_MATH = YES;
				SWIFT_COMPILATION_MODE = wholemodule;
			};
			name = Release;
		};
		DFC857AA2BC542590022F332 /* Debug */ = {
			isa = XCBuildConfiguration;
			buildSettings = {
				ASSETCATALOG_COMPILER_APPICON_NAME = AppIcon;
				ASSETCATALOG_COMPILER_GLOBAL_ACCENT_COLOR_NAME = AccentColor;
				CODE_SIGN_ENTITLEMENTS = BlackCoffer/BlackCoffer.entitlements;
				CODE_SIGN_STYLE = Automatic;
				CURRENT_PROJECT_VERSION = 1;
				DEVELOPMENT_ASSET_PATHS = "\"BlackCoffer/Preview Content\"";
				ENABLE_PREVIEWS = YES;
				GENERATE_INFOPLIST_FILE = YES;
				"INFOPLIST_KEY_UIApplicationSceneManifest_Generation[sdk=iphoneos*]" = YES;
				"INFOPLIST_KEY_UIApplicationSceneManifest_Generation[sdk=iphonesimulator*]" = YES;
				"INFOPLIST_KEY_UIApplicationSupportsIndirectInputEvents[sdk=iphoneos*]" = YES;
				"INFOPLIST_KEY_UIApplicationSupportsIndirectInputEvents[sdk=iphonesimulator*]" = YES;
				"INFOPLIST_KEY_UILaunchScreen_Generation[sdk=iphoneos*]" = YES;
				"INFOPLIST_KEY_UILaunchScreen_Generation[sdk=iphonesimulator*]" = YES;
				"INFOPLIST_KEY_UIStatusBarStyle[sdk=iphoneos*]" = UIStatusBarStyleDefault;
				"INFOPLIST_KEY_UIStatusBarStyle[sdk=iphonesimulator*]" = UIStatusBarStyleDefault;
				INFOPLIST_KEY_UISupportedInterfaceOrientations_iPad = "UIInterfaceOrientationPortrait UIInterfaceOrientationPortraitUpsideDown UIInterfaceOrientationLandscapeLeft UIInterfaceOrientationLandscapeRight";
				INFOPLIST_KEY_UISupportedInterfaceOrientations_iPhone = "UIInterfaceOrientationPortrait UIInterfaceOrientationLandscapeLeft UIInterfaceOrientationLandscapeRight";
				IPHONEOS_DEPLOYMENT_TARGET = 17.4;
				LD_RUNPATH_SEARCH_PATHS = "@executable_path/Frameworks";
				"LD_RUNPATH_SEARCH_PATHS[sdk=macosx*]" = "@executable_path/../Frameworks";
				MACOSX_DEPLOYMENT_TARGET = 14.4;
				MARKETING_VERSION = 1.0;
				PRODUCT_BUNDLE_IDENTIFIER = "an6189-srmist.edu.in.BlackCoffer";
				PRODUCT_NAME = "$(TARGET_NAME)";
				SDKROOT = auto;
				SUPPORTED_PLATFORMS = "iphoneos iphonesimulator macosx";
				SWIFT_EMIT_LOC_STRINGS = YES;
				SWIFT_VERSION = 5.0;
				TARGETED_DEVICE_FAMILY = "1,2";
			};
			name = Debug;
		};
		DFC857AB2BC542590022F332 /* Release */ = {
			isa = XCBuildConfiguration;
			buildSettings = {
				ASSETCATALOG_COMPILER_APPICON_NAME = AppIcon;
				ASSETCATALOG_COMPILER_GLOBAL_ACCENT_COLOR_NAME = AccentColor;
				CODE_SIGN_ENTITLEMENTS = BlackCoffer/BlackCoffer.entitlements;
				CODE_SIGN_STYLE = Automatic;
				CURRENT_PROJECT_VERSION = 1;
				DEVELOPMENT_ASSET_PATHS = "\"BlackCoffer/Preview Content\"";
				ENABLE_PREVIEWS = YES;
				GENERATE_INFOPLIST_FILE = YES;
				"INFOPLIST_KEY_UIApplicationSceneManifest_Generation[sdk=iphoneos*]" = YES;
				"INFOPLIST_KEY_UIApplicationSceneManifest_Generation[sdk=iphonesimulator*]" = YES;
				"INFOPLIST_KEY_UIApplicationSupportsIndirectInputEvents[sdk=iphoneos*]" = YES;
				"INFOPLIST_KEY_UIApplicationSupportsIndirectInputEvents[sdk=iphonesimulator*]" = YES;
				"INFOPLIST_KEY_UILaunchScreen_Generation[sdk=iphoneos*]" = YES;
				"INFOPLIST_KEY_UILaunchScreen_Generation[sdk=iphonesimulator*]" = YES;
				"INFOPLIST_KEY_UIStatusBarStyle[sdk=iphoneos*]" = UIStatusBarStyleDefault;
				"INFOPLIST_KEY_UIStatusBarStyle[sdk=iphonesimulator*]" = UIStatusBarStyleDefault;
				INFOPLIST_KEY_UISupportedInterfaceOrientations_iPad = "UIInterfaceOrientationPortrait UIInterfaceOrientationPortraitUpsideDown UIInterfaceOrientationLandscapeLeft UIInterfaceOrientationLandscapeRight";
				INFOPLIST_KEY_UISupportedInterfaceOrientations_iPhone = "UIInterfaceOrientationPortrait UIInterfaceOrientationLandscapeLeft UIInterfaceOrientationLandscapeRight";
				IPHONEOS_DEPLOYMENT_TARGET = 17.4;
				LD_RUNPATH_SEARCH_PATHS = "@executable_path/Frameworks";
				"LD_RUNPATH_SEARCH_PATHS[sdk=macosx*]" = "@executable_path/../Frameworks";
				MACOSX_DEPLOYMENT_TARGET = 14.4;
				MARKETING_VERSION = 1.0;
				PRODUCT_BUNDLE_IDENTIFIER = "an6189-srmist.edu.in.BlackCoffer";
				PRODUCT_NAME = "$(TARGET_NAME)";
				SDKROOT = auto;
				SUPPORTED_PLATFORMS = "iphoneos iphonesimulator macosx";
				SWIFT_EMIT_LOC_STRINGS = YES;
				SWIFT_VERSION = 5.0;
				TARGETED_DEVICE_FAMILY = "1,2";
			};
			name = Release;
		};
		DFC857AD2BC542590022F332 /* Debug */ = {
			isa = XCBuildConfiguration;
			buildSettings = {
				ALWAYS_EMBED_SWIFT_STANDARD_LIBRARIES = YES;
				BUNDLE_LOADER = "$(TEST_HOST)";
				CODE_SIGN_STYLE = Automatic;
				CURRENT_PROJECT_VERSION = 1;
				GENERATE_INFOPLIST_FILE = YES;
				IPHONEOS_DEPLOYMENT_TARGET = 17.4;
				MACOSX_DEPLOYMENT_TARGET = 14.4;
				MARKETING_VERSION = 1.0;
				PRODUCT_BUNDLE_IDENTIFIER = "an6189-srmist.edu.in.BlackCofferTests";
				PRODUCT_NAME = "$(TARGET_NAME)";
				SDKROOT = auto;
				SUPPORTED_PLATFORMS = "iphoneos iphonesimulator macosx";
				SWIFT_EMIT_LOC_STRINGS = NO;
				SWIFT_VERSION = 5.0;
				TARGETED_DEVICE_FAMILY = "1,2";
				TEST_HOST = "$(BUILT_PRODUCTS_DIR)/BlackCoffer.app/$(BUNDLE_EXECUTABLE_FOLDER_PATH)/BlackCoffer";
			};
			name = Debug;
		};
		DFC857AE2BC542590022F332 /* Release */ = {
			isa = XCBuildConfiguration;
			buildSettings = {
				ALWAYS_EMBED_SWIFT_STANDARD_LIBRARIES = YES;
				BUNDLE_LOADER = "$(TEST_HOST)";
				CODE_SIGN_STYLE = Automatic;
				CURRENT_PROJECT_VERSION = 1;
				GENERATE_INFOPLIST_FILE = YES;
				IPHONEOS_DEPLOYMENT_TARGET = 17.4;
				MACOSX_DEPLOYMENT_TARGET = 14.4;
				MARKETING_VERSION = 1.0;
				PRODUCT_BUNDLE_IDENTIFIER = "an6189-srmist.edu.in.BlackCofferTests";
				PRODUCT_NAME = "$(TARGET_NAME)";
				SDKROOT = auto;
				SUPPORTED_PLATFORMS = "iphoneos iphonesimulator macosx";
				SWIFT_EMIT_LOC_STRINGS = NO;
				SWIFT_VERSION = 5.0;
				TARGETED_DEVICE_FAMILY = "1,2";
				TEST_HOST = "$(BUILT_PRODUCTS_DIR)/BlackCoffer.app/$(BUNDLE_EXECUTABLE_FOLDER_PATH)/BlackCoffer";
			};
			name = Release;
		};
		DFC857B02BC542590022F332 /* Debug */ = {
			isa = XCBuildConfiguration;
			buildSettings = {
				ALWAYS_EMBED_SWIFT_STANDARD_LIBRARIES = YES;
				CODE_SIGN_STYLE = Automatic;
				CURRENT_PROJECT_VERSION = 1;
				GENERATE_INFOPLIST_FILE = YES;
				IPHONEOS_DEPLOYMENT_TARGET = 17.4;
				MACOSX_DEPLOYMENT_TARGET = 14.4;
				MARKETING_VERSION = 1.0;
				PRODUCT_BUNDLE_IDENTIFIER = "an6189-srmist.edu.in.BlackCofferUITests";
				PRODUCT_NAME = "$(TARGET_NAME)";
				SDKROOT = auto;
				SUPPORTED_PLATFORMS = "iphoneos iphonesimulator macosx";
				SWIFT_EMIT_LOC_STRINGS = NO;
				SWIFT_VERSION = 5.0;
				TARGETED_DEVICE_FAMILY = "1,2";
				TEST_TARGET_NAME = BlackCoffer;
			};
			name = Debug;
		};
		DFC857B12BC542590022F332 /* Release */ = {
			isa = XCBuildConfiguration;
			buildSettings = {
				ALWAYS_EMBED_SWIFT_STANDARD_LIBRARIES = YES;
				CODE_SIGN_STYLE = Automatic;
				CURRENT_PROJECT_VERSION = 1;
				GENERATE_INFOPLIST_FILE = YES;
				IPHONEOS_DEPLOYMENT_TARGET = 17.4;
				MACOSX_DEPLOYMENT_TARGET = 14.4;
				MARKETING_VERSION = 1.0;
				PRODUCT_BUNDLE_IDENTIFIER = "an6189-srmist.edu.in.BlackCofferUITests";
				PRODUCT_NAME = "$(TARGET_NAME)";
				SDKROOT = auto;
				SUPPORTED_PLATFORMS = "iphoneos iphonesimulator macosx";
				SWIFT_EMIT_LOC_STRINGS = NO;
				SWIFT_VERSION = 5.0;
				TARGETED_DEVICE_FAMILY = "1,2";
				TEST_TARGET_NAME = BlackCoffer;
			};
			name = Release;
		};
/* End XCBuildConfiguration section */

/* Begin XCConfigurationList section */
		DFC8577F2BC542580022F332 /* Build configuration list for PBXProject "BlackCoffer" */ = {
			isa = XCConfigurationList;
			buildConfigurations = (
				DFC857A72BC542590022F332 /* Debug */,
				DFC857A82BC542590022F332 /* Release */,
			);
			defaultConfigurationIsVisible = 0;
			defaultConfigurationName = Release;
		};
		DFC857A92BC542590022F332 /* Build configuration list for PBXNativeTarget "BlackCoffer" */ = {
			isa = XCConfigurationList;
			buildConfigurations = (
				DFC857AA2BC542590022F332 /* Debug */,
				DFC857AB2BC542590022F332 /* Release */,
			);
			defaultConfigurationIsVisible = 0;
			defaultConfigurationName = Release;
		};
		DFC857AC2BC542590022F332 /* Build configuration list for PBXNativeTarget "BlackCofferTests" */ = {
			isa = XCConfigurationList;
			buildConfigurations = (
				DFC857AD2BC542590022F332 /* Debug */,
				DFC857AE2BC542590022F332 /* Release */,
			);
			defaultConfigurationIsVisible = 0;
			defaultConfigurationName = Release;
		};
		DFC857AF2BC542590022F332 /* Build configuration list for PBXNativeTarget "BlackCofferUITests" */ = {
			isa = XCConfigurationList;
			buildConfigurations = (
				DFC857B02BC542590022F332 /* Debug */,
				DFC857B12BC542590022F332 /* Release */,
			);
			defaultConfigurationIsVisible = 0;
			defaultConfigurationName = Release;
		};
/* End XCConfigurationList section */
	};
	rootObject = DFC8577C2BC542580022F332 /* Project object */;
}
